{
  "name": "app",
  "version": "1.0.0",
  "lockfileVersion": 2,
  "requires": true,
  "packages": {
    "": {
      "name": "app",
      "version": "1.0.0",
      "license": "ISC",
      "dependencies": {
        "@rodolphoporto/date-util": "^1.0.0"
      }
    },
    "node_modules/@rodolphoporto/date-util": {
      "version": "1.0.0",
      "resolved": "http://localhost:4873/@rodolphoporto/date-util/-/date-util-1.0.0.tgz",
      "integrity": "sha512-zWR5J0iOe8OIcFpa3jnY2C94RCVDBMw4BMlIqFYkNpLRP4JX48ufI0yaM+I72b5COy/mijQKECfxzl3j9d6BHQ==",
      "dependencies": {
        "@rodolphoporto/string-util": "^1.0.0"
      }
    },
    "node_modules/@rodolphoporto/string-util": {
      "version": "1.0.0",
      "resolved": "http://localhost:4873/@rodolphoporto/string-util/-/string-util-1.0.0.tgz",
      "integrity": "sha512-nAjUldLLcAt5HMPCJ/bH9VmQ6TJ6ztnTN9/v1iM3TEomFyJRK/3EQTIz/9+/B7meXeMS3HDnlEB2KJ2wlInixQ=="
    }
  },
  "dependencies": {
    "@rodolphoporto/date-util": {
      "version": "1.0.0",
      "resolved": "http://localhost:4873/@rodolphoporto/date-util/-/date-util-1.0.0.tgz",
      "integrity": "sha512-zWR5J0iOe8OIcFpa3jnY2C94RCVDBMw4BMlIqFYkNpLRP4JX48ufI0yaM+I72b5COy/mijQKECfxzl3j9d6BHQ==",
      "requires": {
        "@rodolphoporto/string-util": "^1.0.0"
      }
    },
    "@rodolphoporto/string-util": {
      "version": "1.0.0",
      "resolved": "http://localhost:4873/@rodolphoporto/string-util/-/string-util-1.0.0.tgz",
      "integrity": "sha512-nAjUldLLcAt5HMPCJ/bH9VmQ6TJ6ztnTN9/v1iM3TEomFyJRK/3EQTIz/9+/B7meXeMS3HDnlEB2KJ2wlInixQ=="
    }
  }
}
