{
  "name": "myapp",
  "version": "1.0.0",
  "lockfileVersion": 2,
  "requires": true,
  "packages": {
    "": {
      "version": "1.0.0",
      "license": "ISC",
      "dependencies": {
        "@rodolpho.porto/fluentsql": "^2.0.0"
      }
    },
    "node_modules/@rodolpho.porto/fluentsql": {
      "version": "2.0.0",
      "resolved": "https://registry.npmjs.org/@rodolpho.porto/fluentsql/-/fluentsql-2.0.0.tgz",
      "integrity": "sha512-c10K+IkLhluVY8Qv9N06hxGFk1HLP2+XVGePeayf3mCG85tGuZYhwtc9Sv6qqzEiLe9VotEFMqdo9JHIbj/t4w=="
    }
  },
  "dependencies": {
    "@rodolpho.porto/fluentsql": {
      "version": "2.0.0",
      "resolved": "https://registry.npmjs.org/@rodolpho.porto/fluentsql/-/fluentsql-2.0.0.tgz",
      "integrity": "sha512-c10K+IkLhluVY8Qv9N06hxGFk1HLP2+XVGePeayf3mCG85tGuZYhwtc9Sv6qqzEiLe9VotEFMqdo9JHIbj/t4w=="
    }
  }
}
